// !$*UTF8*$!
{
	archiveVersion = 1;
	classes = {
	};
	objectVersion = 50;
	objects = {

/* Begin PBXBuildFile section */
		25365D442524F0550028905C /* AppDelegate.swift in Sources */ = {isa = PBXBuildFile; fileRef = 25365D432524F0550028905C /* AppDelegate.swift */; };
		25365D462524F0550028905C /* SceneDelegate.swift in Sources */ = {isa = PBXBuildFile; fileRef = 25365D452524F0550028905C /* SceneDelegate.swift */; };
		25365D482524F0550028905C /* ViewController.swift in Sources */ = {isa = PBXBuildFile; fileRef = 25365D472524F0550028905C /* ViewController.swift */; };
		25365D4B2524F0550028905C /* Main.storyboard in Resources */ = {isa = PBXBuildFile; fileRef = 25365D492524F0550028905C /* Main.storyboard */; };
		25365D4D2524F05A0028905C /* Assets.xcassets in Resources */ = {isa = PBXBuildFile; fileRef = 25365D4C2524F05A0028905C /* Assets.xcassets */; };
		25365D502524F05A0028905C /* LaunchScreen.storyboard in Resources */ = {isa = PBXBuildFile; fileRef = 25365D4E2524F05A0028905C /* LaunchScreen.storyboard */; };
		25365D5B2524F05A0028905C /* Xylophone_iOSTests.swift in Sources */ = {isa = PBXBuildFile; fileRef = 25365D5A2524F05A0028905C /* Xylophone_iOSTests.swift */; };
		25365D662524F05B0028905C /* Xylophone_iOSUITests.swift in Sources */ = {isa = PBXBuildFile; fileRef = 25365D652524F05B0028905C /* Xylophone_iOSUITests.swift */; };
		25365D7E252515AF0028905C /* E.wav in Resources */ = {isa = PBXBuildFile; fileRef = 25365D77252515AD0028905C /* E.wav */; };
		25365D7F252515AF0028905C /* D.wav in Resources */ = {isa = PBXBuildFile; fileRef = 25365D78252515AE0028905C /* D.wav */; };
		25365D80252515AF0028905C /* F.wav in Resources */ = {isa = PBXBuildFile; fileRef = 25365D79252515AE0028905C /* F.wav */; };
		25365D81252515AF0028905C /* C.wav in Resources */ = {isa = PBXBuildFile; fileRef = 25365D7A252515AE0028905C /* C.wav */; };
		25365D82252515AF0028905C /* G.wav in Resources */ = {isa = PBXBuildFile; fileRef = 25365D7B252515AE0028905C /* G.wav */; };
		25365D83252515AF0028905C /* B.wav in Resources */ = {isa = PBXBuildFile; fileRef = 25365D7C252515AE0028905C /* B.wav */; };
		25365D84252515AF0028905C /* A.wav in Resources */ = {isa = PBXBuildFile; fileRef = 25365D7D252515AE0028905C /* A.wav */; };
/* End PBXBuildFile section */

/* Begin PBXContainerItemProxy section */
		25365D572524F05A0028905C /* PBXContainerItemProxy */ = {
			isa = PBXContainerItemProxy;
			containerPortal = 25365D382524F0550028905C /* Project object */;
			proxyType = 1;
			remoteGlobalIDString = 25365D3F2524F0550028905C;
			remoteInfo = "Xylophone iOS";
		};
		25365D622524F05B0028905C /* PBXContainerItemProxy */ = {
			isa = PBXContainerItemProxy;
			containerPortal = 25365D382524F0550028905C /* Project object */;
			proxyType = 1;
			remoteGlobalIDString = 25365D3F2524F0550028905C;
			remoteInfo = "Xylophone iOS";
		};
/* End PBXContainerItemProxy section */

/* Begin PBXFileReference section */
		25365D402524F0550028905C /* Xylophone iOS.app */ = {isa = PBXFileReference; explicitFileType = wrapper.application; includeInIndex = 0; path = "Xylophone iOS.app"; sourceTree = BUILT_PRODUCTS_DIR; };
		25365D432524F0550028905C /* AppDelegate.swift */ = {isa = PBXFileReference; lastKnownFileType = sourcecode.swift; path = AppDelegate.swift; sourceTree = "<group>"; };
		25365D452524F0550028905C /* SceneDelegate.swift */ = {isa = PBXFileReference; lastKnownFileType = sourcecode.swift; path = SceneDelegate.swift; sourceTree = "<group>"; };
		25365D472524F0550028905C /* ViewController.swift */ = {isa = PBXFileReference; lastKnownFileType = sourcecode.swift; path = ViewController.swift; sourceTree = "<group>"; };
		25365D4A2524F0550028905C /* Base */ = {isa = PBXFileReference; lastKnownFileType = file.storyboard; name = Base; path = Base.lproj/Main.storyboard; sourceTree = "<group>"; };
		25365D4C2524F05A0028905C /* Assets.xcassets */ = {isa = PBXFileReference; lastKnownFileType = folder.assetcatalog; path = Assets.xcassets; sourceTree = "<group>"; };
		25365D4F2524F05A0028905C /* Base */ = {isa = PBXFileReference; lastKnownFileType = file.storyboard; name = Base; path = Base.lproj/LaunchScreen.storyboard; sourceTree = "<group>"; };
		25365D512524F05A0028905C /* Info.plist */ = {isa = PBXFileReference; lastKnownFileType = text.plist.xml; path = Info.plist; sourceTree = "<group>"; };
		25365D562524F05A0028905C /* Xylophone iOSTests.xctest */ = {isa = PBXFileReference; explicitFileType = wrapper.cfbundle; includeInIndex = 0; path = "Xylophone iOSTests.xctest"; sourceTree = BUILT_PRODUCTS_DIR; };
		25365D5A2524F05A0028905C /* Xylophone_iOSTests.swift */ = {isa = PBXFileReference; lastKnownFileType = sourcecode.swift; path = Xylophone_iOSTests.swift; sourceTree = "<group>"; };
		25365D5C2524F05A0028905C /* Info.plist */ = {isa = PBXFileReference; lastKnownFileType = text.plist.xml; path = Info.plist; sourceTree = "<group>"; };
		25365D612524F05B0028905C /* Xylophone iOSUITests.xctest */ = {isa = PBXFileReference; explicitFileType = wrapper.cfbundle; includeInIndex = 0; path = "Xylophone iOSUITests.xctest"; sourceTree = BUILT_PRODUCTS_DIR; };
		25365D652524F05B0028905C /* Xylophone_iOSUITests.swift */ = {isa = PBXFileReference; lastKnownFileType = sourcecode.swift; path = Xylophone_iOSUITests.swift; sourceTree = "<group>"; };
		25365D672524F05B0028905C /* Info.plist */ = {isa = PBXFileReference; lastKnownFileType = text.plist.xml; path = Info.plist; sourceTree = "<group>"; };
		25365D77252515AD0028905C /* E.wav */ = {isa = PBXFileReference; lastKnownFileType = audio.wav; path = E.wav; sourceTree = "<group>"; };
		25365D78252515AE0028905C /* D.wav */ = {isa = PBXFileReference; lastKnownFileType = audio.wav; path = D.wav; sourceTree = "<group>"; };
		25365D79252515AE0028905C /* F.wav */ = {isa = PBXFileReference; lastKnownFileType = audio.wav; path = F.wav; sourceTree = "<group>"; };
		25365D7A252515AE0028905C /* C.wav */ = {isa = PBXFileReference; lastKnownFileType = audio.wav; path = C.wav; sourceTree = "<group>"; };
		25365D7B252515AE0028905C /* G.wav */ = {isa = PBXFileReference; lastKnownFileType = audio.wav; path = G.wav; sourceTree = "<group>"; };
		25365D7C252515AE0028905C /* B.wav */ = {isa = PBXFileReference; lastKnownFileType = audio.wav; path = B.wav; sourceTree = "<group>"; };
		25365D7D252515AE0028905C /* A.wav */ = {isa = PBXFileReference; lastKnownFileType = audio.wav; path = A.wav; sourceTree = "<group>"; };
/* End PBXFileReference section */

/* Begin PBXFrameworksBuildPhase section */
		25365D3D2524F0550028905C /* Frameworks */ = {
			isa = PBXFrameworksBuildPhase;
			buildActionMask = 2147483647;
			files = (
			);
			runOnlyForDeploymentPostprocessing = 0;
		};
		25365D532524F05A0028905C /* Frameworks */ = {
			isa = PBXFrameworksBuildPhase;
			buildActionMask = 2147483647;
			files = (
			);
			runOnlyForDeploymentPostprocessing = 0;
		};
		25365D5E2524F05B0028905C /* Frameworks */ = {
			isa = PBXFrameworksBuildPhase;
			buildActionMask = 2147483647;
			files = (
			);
			runOnlyForDeploymentPostprocessing = 0;
		};
/* End PBXFrameworksBuildPhase section */

/* Begin PBXGroup section */
		25365D372524F0550028905C = {
			isa = PBXGroup;
			children = (
				25365D422524F0550028905C /* Xylophone iOS */,
				25365D592524F05A0028905C /* Xylophone iOSTests */,
				25365D642524F05B0028905C /* Xylophone iOSUITests */,
				25365D412524F0550028905C /* Products */,
			);
			sourceTree = "<group>";
		};
		25365D412524F0550028905C /* Products */ = {
			isa = PBXGroup;
			children = (
				25365D402524F0550028905C /* Xylophone iOS.app */,
				25365D562524F05A0028905C /* Xylophone iOSTests.xctest */,
				25365D612524F05B0028905C /* Xylophone iOSUITests.xctest */,
			);
			name = Products;
			sourceTree = "<group>";
		};
		25365D422524F0550028905C /* Xylophone iOS */ = {
			isa = PBXGroup;
			children = (
				25365D76252514E10028905C /* Sounds */,
				25365D432524F0550028905C /* AppDelegate.swift */,
				25365D452524F0550028905C /* SceneDelegate.swift */,
				25365D472524F0550028905C /* ViewController.swift */,
				25365D492524F0550028905C /* Main.storyboard */,
				25365D4C2524F05A0028905C /* Assets.xcassets */,
				25365D4E2524F05A0028905C /* LaunchScreen.storyboard */,
				25365D512524F05A0028905C /* Info.plist */,
			);
			path = "Xylophone iOS";
			sourceTree = "<group>";
		};
		25365D592524F05A0028905C /* Xylophone iOSTests */ = {
			isa = PBXGroup;
			children = (
				25365D5A2524F05A0028905C /* Xylophone_iOSTests.swift */,
				25365D5C2524F05A0028905C /* Info.plist */,
			);
			path = "Xylophone iOSTests";
			sourceTree = "<group>";
		};
		25365D642524F05B0028905C /* Xylophone iOSUITests */ = {
			isa = PBXGroup;
			children = (
				25365D652524F05B0028905C /* Xylophone_iOSUITests.swift */,
				25365D672524F05B0028905C /* Info.plist */,
			);
			path = "Xylophone iOSUITests";
			sourceTree = "<group>";
		};
		25365D76252514E10028905C /* Sounds */ = {
			isa = PBXGroup;
			children = (
				25365D7D252515AE0028905C /* A.wav */,
				25365D7C252515AE0028905C /* B.wav */,
				25365D7A252515AE0028905C /* C.wav */,
				25365D78252515AE0028905C /* D.wav */,
				25365D77252515AD0028905C /* E.wav */,
				25365D79252515AE0028905C /* F.wav */,
				25365D7B252515AE0028905C /* G.wav */,
			);
			path = Sounds;
			sourceTree = "<group>";
		};
/* End PBXGroup section */

/* Begin PBXNativeTarget section */
		25365D3F2524F0550028905C /* Xylophone iOS */ = {
			isa = PBXNativeTarget;
			buildConfigurationList = 25365D6A2524F05B0028905C /* Build configuration list for PBXNativeTarget "Xylophone iOS" */;
			buildPhases = (
				25365D3C2524F0550028905C /* Sources */,
				25365D3D2524F0550028905C /* Frameworks */,
				25365D3E2524F0550028905C /* Resources */,
			);
			buildRules = (
			);
			dependencies = (
			);
			name = "Xylophone iOS";
			productName = "Xylophone iOS";
			productReference = 25365D402524F0550028905C /* Xylophone iOS.app */;
			productType = "com.apple.product-type.application";
		};
		25365D552524F05A0028905C /* Xylophone iOSTests */ = {
			isa = PBXNativeTarget;
			buildConfigurationList = 25365D6D2524F05B0028905C /* Build configuration list for PBXNativeTarget "Xylophone iOSTests" */;
			buildPhases = (
				25365D522524F05A0028905C /* Sources */,
				25365D532524F05A0028905C /* Frameworks */,
				25365D542524F05A0028905C /* Resources */,
			);
			buildRules = (
			);
			dependencies = (
				25365D582524F05A0028905C /* PBXTargetDependency */,
			);
			name = "Xylophone iOSTests";
			productName = "Xylophone iOSTests";
			productReference = 25365D562524F05A0028905C /* Xylophone iOSTests.xctest */;
			productType = "com.apple.product-type.bundle.unit-test";
		};
		25365D602524F05B0028905C /* Xylophone iOSUITests */ = {
			isa = PBXNativeTarget;
			buildConfigurationList = 25365D702524F05B0028905C /* Build configuration list for PBXNativeTarget "Xylophone iOSUITests" */;
			buildPhases = (
				25365D5D2524F05B0028905C /* Sources */,
				25365D5E2524F05B0028905C /* Frameworks */,
				25365D5F2524F05B0028905C /* Resources */,
			);
			buildRules = (
			);
			dependencies = (
				25365D632524F05B0028905C /* PBXTargetDependency */,
			);
			name = "Xylophone iOSUITests";
			productName = "Xylophone iOSUITests";
			productReference = 25365D612524F05B0028905C /* Xylophone iOSUITests.xctest */;
			productType = "com.apple.product-type.bundle.ui-testing";
		};
/* End PBXNativeTarget section */

/* Begin PBXProject section */
		25365D382524F0550028905C /* Project object */ = {
			isa = PBXProject;
			attributes = {
				LastSwiftUpdateCheck = 1200;
				LastUpgradeCheck = 1200;
				TargetAttributes = {
					25365D3F2524F0550028905C = {
						CreatedOnToolsVersion = 12.0;
					};
					25365D552524F05A0028905C = {
						CreatedOnToolsVersion = 12.0;
						TestTargetID = 25365D3F2524F0550028905C;
					};
					25365D602524F05B0028905C = {
						CreatedOnToolsVersion = 12.0;
						TestTargetID = 25365D3F2524F0550028905C;
					};
				};
			};
			buildConfigurationList = 25365D3B2524F0550028905C /* Build configuration list for PBXProject "Xylophone iOS" */;
			compatibilityVersion = "Xcode 9.3";
			developmentRegion = en;
			hasScannedForEncodings = 0;
			knownRegions = (
				en,
				Base,
			);
			mainGroup = 25365D372524F0550028905C;
			productRefGroup = 25365D412524F0550028905C /* Products */;
			projectDirPath = "";
			projectRoot = "";
			targets = (
				25365D3F2524F0550028905C /* Xylophone iOS */,
				25365D552524F05A0028905C /* Xylophone iOSTests */,
				25365D602524F05B0028905C /* Xylophone iOSUITests */,
			);
		};
/* End PBXProject section */

/* Begin PBXResourcesBuildPhase section */
		25365D3E2524F0550028905C /* Resources */ = {
			isa = PBXResourcesBuildPhase;
			buildActionMask = 2147483647;
			files = (
				25365D82252515AF0028905C /* G.wav in Resources */,
				25365D502524F05A0028905C /* LaunchScreen.storyboard in Resources */,
				25365D4D2524F05A0028905C /* Assets.xcassets in Resources */,
				25365D7F252515AF0028905C /* D.wav in Resources */,
				25365D80252515AF0028905C /* F.wav in Resources */,
				25365D7E252515AF0028905C /* E.wav in Resources */,
				25365D83252515AF0028905C /* B.wav in Resources */,
				25365D4B2524F0550028905C /* Main.storyboard in Resources */,
				25365D84252515AF0028905C /* A.wav in Resources */,
				25365D81252515AF0028905C /* C.wav in Resources */,
			);
			runOnlyForDeploymentPostprocessing = 0;
		};
		25365D542524F05A0028905C /* Resources */ = {
			isa = PBXResourcesBuildPhase;
			buildActionMask = 2147483647;
			files = (
			);
			runOnlyForDeploymentPostprocessing = 0;
		};
		25365D5F2524F05B0028905C /* Resources */ = {
			isa = PBXResourcesBuildPhase;
			buildActionMask = 2147483647;
			files = (
			);
			runOnlyForDeploymentPostprocessing = 0;
		};
/* End PBXResourcesBuildPhase section */

/* Begin PBXSourcesBuildPhase section */
		25365D3C2524F0550028905C /* Sources */ = {
			isa = PBXSourcesBuildPhase;
			buildActionMask = 2147483647;
			files = (
				25365D482524F0550028905C /* ViewController.swift in Sources */,
				25365D442524F0550028905C /* AppDelegate.swift in Sources */,
				25365D462524F0550028905C /* SceneDelegate.swift in Sources */,
			);
			runOnlyForDeploymentPostprocessing = 0;
		};
		25365D522524F05A0028905C /* Sources */ = {
			isa = PBXSourcesBuildPhase;
			buildActionMask = 2147483647;
			files = (
				25365D5B2524F05A0028905C /* Xylophone_iOSTests.swift in Sources */,
			);
			runOnlyForDeploymentPostprocessing = 0;
		};
		25365D5D2524F05B0028905C /* Sources */ = {
			isa = PBXSourcesBuildPhase;
			buildActionMask = 2147483647;
			files = (
				25365D662524F05B0028905C /* Xylophone_iOSUITests.swift in Sources */,
			);
			runOnlyForDeploymentPostprocessing = 0;
		};
/* End PBXSourcesBuildPhase section */

/* Begin PBXTargetDependency section */
		25365D582524F05A0028905C /* PBXTargetDependency */ = {
			isa = PBXTargetDependency;
			target = 25365D3F2524F0550028905C /* Xylophone iOS */;
			targetProxy = 25365D572524F05A0028905C /* PBXContainerItemProxy */;
		};
		25365D632524F05B0028905C /* PBXTargetDependency */ = {
			isa = PBXTargetDependency;
			target = 25365D3F2524F0550028905C /* Xylophone iOS */;
			targetProxy = 25365D622524F05B0028905C /* PBXContainerItemProxy */;
		};
/* End PBXTargetDependency section */

/* Begin PBXVariantGroup section */
		25365D492524F0550028905C /* Main.storyboard */ = {
			isa = PBXVariantGroup;
			children = (
				25365D4A2524F0550028905C /* Base */,
			);
			name = Main.storyboard;
			sourceTree = "<group>";
		};
		25365D4E2524F05A0028905C /* LaunchScreen.storyboard */ = {
			isa = PBXVariantGroup;
			children = (
				25365D4F2524F05A0028905C /* Base */,
			);
			name = LaunchScreen.storyboard;
			sourceTree = "<group>";
		};
/* End PBXVariantGroup section */

/* Begin XCBuildConfiguration section */
		25365D682524F05B0028905C /* Debug */ = {
			isa = XCBuildConfiguration;
			buildSettings = {
				ALWAYS_SEARCH_USER_PATHS = NO;
				CLANG_ANALYZER_NONNULL = YES;
				CLANG_ANALYZER_NUMBER_OBJECT_CONVERSION = YES_AGGRESSIVE;
				CLANG_CXX_LANGUAGE_STANDARD = "gnu++14";
				CLANG_CXX_LIBRARY = "libc++";
				CLANG_ENABLE_MODULES = YES;
				CLANG_ENABLE_OBJC_ARC = YES;
				CLANG_ENABLE_OBJC_WEAK = YES;
				CLANG_WARN_BLOCK_CAPTURE_AUTORELEASING = YES;
				CLANG_WARN_BOOL_CONVERSION = YES;
				CLANG_WARN_COMMA = YES;
				CLANG_WARN_CONSTANT_CONVERSION = YES;
				CLANG_WARN_DEPRECATED_OBJC_IMPLEMENTATIONS = YES;
				CLANG_WARN_DIRECT_OBJC_ISA_USAGE = YES_ERROR;
				CLANG_WARN_DOCUMENTATION_COMMENTS = YES;
				CLANG_WARN_EMPTY_BODY = YES;
				CLANG_WARN_ENUM_CONVERSION = YES;
				CLANG_WARN_INFINITE_RECURSION = YES;
				CLANG_WARN_INT_CONVERSION = YES;
				CLANG_WARN_NON_LITERAL_NULL_CONVERSION = YES;
				CLANG_WARN_OBJC_IMPLICIT_RETAIN_SELF = YES;
				CLANG_WARN_OBJC_LITERAL_CONVERSION = YES;
				CLANG_WARN_OBJC_ROOT_CLASS = YES_ERROR;
				CLANG_WARN_QUOTED_INCLUDE_IN_FRAMEWORK_HEADER = YES;
				CLANG_WARN_RANGE_LOOP_ANALYSIS = YES;
				CLANG_WARN_STRICT_PROTOTYPES = YES;
				CLANG_WARN_SUSPICIOUS_MOVE = YES;
				CLANG_WARN_UNGUARDED_AVAILABILITY = YES_AGGRESSIVE;
				CLANG_WARN_UNREACHABLE_CODE = YES;
				CLANG_WARN__DUPLICATE_METHOD_MATCH = YES;
				COPY_PHASE_STRIP = NO;
				DEBUG_INFORMATION_FORMAT = dwarf;
				ENABLE_STRICT_OBJC_MSGSEND = YES;
				ENABLE_TESTABILITY = YES;
				GCC_C_LANGUAGE_STANDARD = gnu11;
				GCC_DYNAMIC_NO_PIC = NO;
				GCC_NO_COMMON_BLOCKS = YES;
				GCC_OPTIMIZATION_LEVEL = 0;
				GCC_PREPROCESSOR_DEFINITIONS = (
					"DEBUG=1",
					"$(inherited)",
				);
				GCC_WARN_64_TO_32_BIT_CONVERSION = YES;
				GCC_WARN_ABOUT_RETURN_TYPE = YES_ERROR;
				GCC_WARN_UNDECLARED_SELECTOR = YES;
				GCC_WARN_UNINITIALIZED_AUTOS = YES_AGGRESSIVE;
				GCC_WARN_UNUSED_FUNCTION = YES;
				GCC_WARN_UNUSED_VARIABLE = YES;
				IPHONEOS_DEPLOYMENT_TARGET = 14.0;
				MTL_ENABLE_DEBUG_INFO = INCLUDE_SOURCE;
				MTL_FAST_MATH = YES;
				ONLY_ACTIVE_ARCH = YES;
				SDKROOT = iphoneos;
				SWIFT_ACTIVE_COMPILATION_CONDITIONS = DEBUG;
				SWIFT_OPTIMIZATION_LEVEL = "-Onone";
			};
			name = Debug;
		};
		25365D692524F05B0028905C /* Release */ = {
			isa = XCBuildConfiguration;
			buildSettings = {
				ALWAYS_SEARCH_USER_PATHS = NO;
				CLANG_ANALYZER_NONNULL = YES;
				CLANG_ANALYZER_NUMBER_OBJECT_CONVERSION = YES_AGGRESSIVE;
				CLANG_CXX_LANGUAGE_STANDARD = "gnu++14";
				CLANG_CXX_LIBRARY = "libc++";
				CLANG_ENABLE_MODULES = YES;
				CLANG_ENABLE_OBJC_ARC = YES;
				CLANG_ENABLE_OBJC_WEAK = YES;
				CLANG_WARN_BLOCK_CAPTURE_AUTORELEASING = YES;
				CLANG_WARN_BOOL_CONVERSION = YES;
				CLANG_WARN_COMMA = YES;
				CLANG_WARN_CONSTANT_CONVERSION = YES;
				CLANG_WARN_DEPRECATED_OBJC_IMPLEMENTATIONS = YES;
				CLANG_WARN_DIRECT_OBJC_ISA_USAGE = YES_ERROR;
				CLANG_WARN_DOCUMENTATION_COMMENTS = YES;
				CLANG_WARN_EMPTY_BODY = YES;
				CLANG_WARN_ENUM_CONVERSION = YES;
				CLANG_WARN_INFINITE_RECURSION = YES;
				CLANG_WARN_INT_CONVERSION = YES;
				CLANG_WARN_NON_LITERAL_NULL_CONVERSION = YES;
				CLANG_WARN_OBJC_IMPLICIT_RETAIN_SELF = YES;
				CLANG_WARN_OBJC_LITERAL_CONVERSION = YES;
				CLANG_WARN_OBJC_ROOT_CLASS = YES_ERROR;
				CLANG_WARN_QUOTED_INCLUDE_IN_FRAMEWORK_HEADER = YES;
				CLANG_WARN_RANGE_LOOP_ANALYSIS = YES;
				CLANG_WARN_STRICT_PROTOTYPES = YES;
				CLANG_WARN_SUSPICIOUS_MOVE = YES;
				CLANG_WARN_UNGUARDED_AVAILABILITY = YES_AGGRESSIVE;
				CLANG_WARN_UNREACHABLE_CODE = YES;
				CLANG_WARN__DUPLICATE_METHOD_MATCH = YES;
				COPY_PHASE_STRIP = NO;
				DEBUG_INFORMATION_FORMAT = "dwarf-with-dsym";
				ENABLE_NS_ASSERTIONS = NO;
				ENABLE_STRICT_OBJC_MSGSEND = YES;
				GCC_C_LANGUAGE_STANDARD = gnu11;
				GCC_NO_COMMON_BLOCKS = YES;
				GCC_WARN_64_TO_32_BIT_CONVERSION = YES;
				GCC_WARN_ABOUT_RETURN_TYPE = YES_ERROR;
				GCC_WARN_UNDECLARED_SELECTOR = YES;
				GCC_WARN_UNINITIALIZED_AUTOS = YES_AGGRESSIVE;
				GCC_WARN_UNUSED_FUNCTION = YES;
				GCC_WARN_UNUSED_VARIABLE = YES;
				IPHONEOS_DEPLOYMENT_TARGET = 14.0;
				MTL_ENABLE_DEBUG_INFO = NO;
				MTL_FAST_MATH = YES;
				SDKROOT = iphoneos;
				SWIFT_COMPILATION_MODE = wholemodule;
				SWIFT_OPTIMIZATION_LEVEL = "-O";
				VALIDATE_PRODUCT = YES;
			};
			name = Release;
		};
		25365D6B2524F05B0028905C /* Debug */ = {
			isa = XCBuildConfiguration;
			buildSettings = {
				ASSETCATALOG_COMPILER_APPICON_NAME = AppIcon;
				ASSETCATALOG_COMPILER_GLOBAL_ACCENT_COLOR_NAME = AccentColor;
				CODE_SIGN_STYLE = Automatic;
				DEVELOPMENT_TEAM = 5A3AF876N5;
				INFOPLIST_FILE = "Xylophone iOS/Info.plist";
				LD_RUNPATH_SEARCH_PATHS = (
					"$(inherited)",
					"@executable_path/Frameworks",
				);
				PRODUCT_BUNDLE_IDENTIFIER = "com.francaTM.Xylophone-iOS";
				PRODUCT_NAME = "$(TARGET_NAME)";
				SWIFT_VERSION = 5.0;
				TARGETED_DEVICE_FAMILY = "1,2";
			};
			name = Debug;
		};
		25365D6C2524F05B0028905C /* Release */ = {
			isa = XCBuildConfiguration;
			buildSettings = {
				ASSETCATALOG_COMPILER_APPICON_NAME = AppIcon;
				ASSETCATALOG_COMPILER_GLOBAL_ACCENT_COLOR_NAME = AccentColor;
				CODE_SIGN_STYLE = Automatic;
				DEVELOPMENT_TEAM = 5A3AF876N5;
				INFOPLIST_FILE = "Xylophone iOS/Info.plist";
				LD_RUNPATH_SEARCH_PATHS = (
					"$(inherited)",
					"@executable_path/Frameworks",
				);
				PRODUCT_BUNDLE_IDENTIFIER = "com.francaTM.Xylophone-iOS";
				PRODUCT_NAME = "$(TARGET_NAME)";
				SWIFT_VERSION = 5.0;
				TARGETED_DEVICE_FAMILY = "1,2";
			};
			name = Release;
		};
		25365D6E2524F05B0028905C /* Debug */ = {
			isa = XCBuildConfiguration;
			buildSettings = {
				ALWAYS_EMBED_SWIFT_STANDARD_LIBRARIES = YES;
				BUNDLE_LOADER = "$(TEST_HOST)";
				CODE_SIGN_STYLE = Automatic;
				DEVELOPMENT_TEAM = 5A3AF876N5;
				INFOPLIST_FILE = "Xylophone iOSTests/Info.plist";
				IPHONEOS_DEPLOYMENT_TARGET = 14.0;
				LD_RUNPATH_SEARCH_PATHS = (
					"$(inherited)",
					"@executable_path/Frameworks",
					"@loader_path/Frameworks",
				);
				PRODUCT_BUNDLE_IDENTIFIER = "com.francaTM.Xylophone-iOSTests";
				PRODUCT_NAME = "$(TARGET_NAME)";
				SWIFT_VERSION = 5.0;
				TARGETED_DEVICE_FAMILY = "1,2";
				TEST_HOST = "$(BUILT_PRODUCTS_DIR)/Xylophone iOS.app/Xylophone iOS";
			};
			name = Debug;
		};
		25365D6F2524F05B0028905C /* Release */ = {
			isa = XCBuildConfiguration;
			buildSettings = {
				ALWAYS_EMBED_SWIFT_STANDARD_LIBRARIES = YES;
				BUNDLE_LOADER = "$(TEST_HOST)";
				CODE_SIGN_STYLE = Automatic;
				DEVELOPMENT_TEAM = 5A3AF876N5;
				INFOPLIST_FILE = "Xylophone iOSTests/Info.plist";
				IPHONEOS_DEPLOYMENT_TARGET = 14.0;
				LD_RUNPATH_SEARCH_PATHS = (
					"$(inherited)",
					"@executable_path/Frameworks",
					"@loader_path/Frameworks",
				);
				PRODUCT_BUNDLE_IDENTIFIER = "com.francaTM.Xylophone-iOSTests";
				PRODUCT_NAME = "$(TARGET_NAME)";
				SWIFT_VERSION = 5.0;
				TARGETED_DEVICE_FAMILY = "1,2";
				TEST_HOST = "$(BUILT_PRODUCTS_DIR)/Xylophone iOS.app/Xylophone iOS";
			};
			name = Release;
		};
		25365D712524F05B0028905C /* Debug */ = {
			isa = XCBuildConfiguration;
			buildSettings = {
				ALWAYS_EMBED_SWIFT_STANDARD_LIBRARIES = YES;
				CODE_SIGN_STYLE = Automatic;
				DEVELOPMENT_TEAM = 5A3AF876N5;
				INFOPLIST_FILE = "Xylophone iOSUITests/Info.plist";
				LD_RUNPATH_SEARCH_PATHS = (
					"$(inherited)",
					"@executable_path/Frameworks",
					"@loader_path/Frameworks",
				);
				PRODUCT_BUNDLE_IDENTIFIER = "com.francaTM.Xylophone-iOSUITests";
				PRODUCT_NAME = "$(TARGET_NAME)";
				SWIFT_VERSION = 5.0;
				TARGETED_DEVICE_FAMILY = "1,2";
				TEST_TARGET_NAME = "Xylophone iOS";
			};
			name = Debug;
		};
		25365D722524F05B0028905C /* Release */ = {
			isa = XCBuildConfiguration;
			buildSettings = {
				ALWAYS_EMBED_SWIFT_STANDARD_LIBRARIES = YES;
				CODE_SIGN_STYLE = Automatic;
				DEVELOPMENT_TEAM = 5A3AF876N5;
				INFOPLIST_FILE = "Xylophone iOSUITests/Info.plist";
				LD_RUNPATH_SEARCH_PATHS = (
					"$(inherited)",
					"@executable_path/Frameworks",
					"@loader_path/Frameworks",
				);
				PRODUCT_BUNDLE_IDENTIFIER = "com.francaTM.Xylophone-iOSUITests";
				PRODUCT_NAME = "$(TARGET_NAME)";
				SWIFT_VERSION = 5.0;
				TARGETED_DEVICE_FAMILY = "1,2";
				TEST_TARGET_NAME = "Xylophone iOS";
			};
			name = Release;
		};
/* End XCBuildConfiguration section */

/* Begin XCConfigurationList section */
		25365D3B2524F0550028905C /* Build configuration list for PBXProject "Xylophone iOS" */ = {
			isa = XCConfigurationList;
			buildConfigurations = (
				25365D682524F05B0028905C /* Debug */,
				25365D692524F05B0028905C /* Release */,
			);
			defaultConfigurationIsVisible = 0;
			defaultConfigurationName = Release;
		};
		25365D6A2524F05B0028905C /* Build configuration list for PBXNativeTarget "Xylophone iOS" */ = {
			isa = XCConfigurationList;
			buildConfigurations = (
				25365D6B2524F05B0028905C /* Debug */,
				25365D6C2524F05B0028905C /* Release */,
			);
			defaultConfigurationIsVisible = 0;
			defaultConfigurationName = Release;
		};
		25365D6D2524F05B0028905C /* Build configuration list for PBXNativeTarget "Xylophone iOSTests" */ = {
			isa = XCConfigurationList;
			buildConfigurations = (
				25365D6E2524F05B0028905C /* Debug */,
				25365D6F2524F05B0028905C /* Release */,
			);
			defaultConfigurationIsVisible = 0;
			defaultConfigurationName = Release;
		};
		25365D702524F05B0028905C /* Build configuration list for PBXNativeTarget "Xylophone iOSUITests" */ = {
			isa = XCConfigurationList;
			buildConfigurations = (
				25365D712524F05B0028905C /* Debug */,
				25365D722524F05B0028905C /* Release */,
			);
			defaultConfigurationIsVisible = 0;
			defaultConfigurationName = Release;
		};
/* End XCConfigurationList section */
	};
	rootObject = 25365D382524F0550028905C /* Project object */;
}
